
Microsoft Visual Studio Solution File, Format Version 12.00
# Visual Studio 15
VisualStudioVersion = 15.0.27428.2005
MinimumVisualStudioVersion = 10.0.40219.1
Project("{FAE04EC0-301F-11D3-BF4B-00C04F79EFBC}") = "Alura.Curso.DesingPatterns.Strategy", "Alura.Curso.DesingPatterns.Strategy\Alura.Curso.DesingPatterns.Strategy.csproj", "{B5D9CC3C-453C-41CD-9393-6E9BACB1EBF7}"
EndProject
Global
	GlobalSection(SolutionConfigurationPlatforms) = preSolution
		Debug|Any CPU = Debug|Any CPU
		Release|Any CPU = Release|Any CPU
	EndGlobalSection
	GlobalSection(ProjectConfigurationPlatforms) = postSolution
		{B5D9CC3C-453C-41CD-9393-6E9BACB1EBF7}.Debug|Any CPU.ActiveCfg = Debug|Any CPU
		{B5D9CC3C-453C-41CD-9393-6E9BACB1EBF7}.Debug|Any CPU.Build.0 = Debug|Any CPU
		{B5D9CC3C-453C-41CD-9393-6E9BACB1EBF7}.Release|Any CPU.ActiveCfg = Release|Any CPU
		{B5D9CC3C-453C-41CD-9393-6E9BACB1EBF7}.Release|Any CPU.Build.0 = Release|Any CPU
	EndGlobalSection
	GlobalSection(SolutionProperties) = preSolution
		HideSolutionNode = FALSE
	EndGlobalSection
	GlobalSection(ExtensibilityGlobals) = postSolution
		SolutionGuid = {C7F3D0A7-A1EC-4A32-9456-3E32F423257E}
	EndGlobalSection
EndGlobal
